PODS:
  - AXWebViewController (0.1.10):
    - NJKWebViewProgress
  - NJKWebViewProgress (0.2.3):
    - NJKWebViewProgress/Core (= 0.2.3)
    - NJKWebViewProgress/ProgressView (= 0.2.3)
  - NJKWebViewProgress/Core (0.2.3)
  - NJKWebViewProgress/ProgressView (0.2.3)

DEPENDENCIES:
  - AXWebViewController (~> 0.1.10)

SPEC CHECKSUMS:
  AXWebViewController: a7199920711091804d3ed5741685a4ce6103bbd4
  NJKWebViewProgress: f481fd424cb5ecc27eacae11b5397db92fba9a4d

PODFILE CHECKSUM: b34e4911a6dc2f95bd97fba22471bfcb6e1fc105

COCOAPODS: 1.2.0
